
Microsoft Visual Studio Solution File, Format Version 12.00
# Visual Studio Version 17
VisualStudioVersion = 17.5.33627.172
MinimumVisualStudioVersion = 10.0.40219.1
Project("{FAE04EC0-301F-11D3-BF4B-00C04F79EFBC}") = "EmployeeAPI", "EmployeeAPI\EmployeeAPI.csproj", "{3DAF8B2D-FA13-4790-92C6-B27603F504A0}"
EndProject
Global
	GlobalSection(SolutionConfigurationPlatforms) = preSolution
		Debug|Any CPU = Debug|Any CPU
		Release|Any CPU = Release|Any CPU
	EndGlobalSection
	GlobalSection(ProjectConfigurationPlatforms) = postSolution
		{3DAF8B2D-FA13-4790-92C6-B27603F504A0}.Debug|Any CPU.ActiveCfg = Debug|Any CPU
		{3DAF8B2D-FA13-4790-92C6-B27603F504A0}.Debug|Any CPU.Build.0 = Debug|Any CPU
		{3DAF8B2D-FA13-4790-92C6-B27603F504A0}.Release|Any CPU.ActiveCfg = Release|Any CPU
		{3DAF8B2D-FA13-4790-92C6-B27603F504A0}.Release|Any CPU.Build.0 = Release|Any CPU
	EndGlobalSection
	GlobalSection(SolutionProperties) = preSolution
		HideSolutionNode = FALSE
	EndGlobalSection
	GlobalSection(ExtensibilityGlobals) = postSolution
		SolutionGuid = {0B22B318-2BB8-4864-A608-F3611288C8E8}
	EndGlobalSection
EndGlobal
